
Microsoft Visual Studio Solution File, Format Version 12.00
# Visual Studio Version 17
VisualStudioVersion = 17.8.34408.163
MinimumVisualStudioVersion = 10.0.40219.1
Project("{9A19103F-16F7-4668-BE54-9A1E7A4F7556}") = "Shared.Architecture", "Shared.Architecture\Shared.Architecture.csproj", "{848938A6-2879-44C0-B9F7-A95AA9126BA9}"
EndProject
Project("{9A19103F-16F7-4668-BE54-9A1E7A4F7556}") = "UserApi", "MyApi1\UserApi.csproj", "{77D281A0-84C5-46A1-8294-A9064E5CA0A9}"
EndProject
Project("{FAE04EC0-301F-11D3-BF4B-00C04F79EFBC}") = "Configuration", "Configuration\Configuration.csproj", "{2C0D9430-2B8A-4A7A-B863-5C7F02F6957F}"
EndProject
Global
	GlobalSection(SolutionConfigurationPlatforms) = preSolution
		Debug|Any CPU = Debug|Any CPU
		Release|Any CPU = Release|Any CPU
	EndGlobalSection
	GlobalSection(ProjectConfigurationPlatforms) = postSolution
		{848938A6-2879-44C0-B9F7-A95AA9126BA9}.Debug|Any CPU.ActiveCfg = Debug|Any CPU
		{848938A6-2879-44C0-B9F7-A95AA9126BA9}.Debug|Any CPU.Build.0 = Debug|Any CPU
		{848938A6-2879-44C0-B9F7-A95AA9126BA9}.Release|Any CPU.ActiveCfg = Release|Any CPU
		{848938A6-2879-44C0-B9F7-A95AA9126BA9}.Release|Any CPU.Build.0 = Release|Any CPU
		{77D281A0-84C5-46A1-8294-A9064E5CA0A9}.Debug|Any CPU.ActiveCfg = Debug|Any CPU
		{77D281A0-84C5-46A1-8294-A9064E5CA0A9}.Debug|Any CPU.Build.0 = Debug|Any CPU
		{77D281A0-84C5-46A1-8294-A9064E5CA0A9}.Release|Any CPU.ActiveCfg = Release|Any CPU
		{77D281A0-84C5-46A1-8294-A9064E5CA0A9}.Release|Any CPU.Build.0 = Release|Any CPU
		{2C0D9430-2B8A-4A7A-B863-5C7F02F6957F}.Debug|Any CPU.ActiveCfg = Debug|Any CPU
		{2C0D9430-2B8A-4A7A-B863-5C7F02F6957F}.Debug|Any CPU.Build.0 = Debug|Any CPU
		{2C0D9430-2B8A-4A7A-B863-5C7F02F6957F}.Release|Any CPU.ActiveCfg = Release|Any CPU
		{2C0D9430-2B8A-4A7A-B863-5C7F02F6957F}.Release|Any CPU.Build.0 = Release|Any CPU
	EndGlobalSection
	GlobalSection(SolutionProperties) = preSolution
		HideSolutionNode = FALSE
	EndGlobalSection
	GlobalSection(ExtensibilityGlobals) = postSolution
		SolutionGuid = {B9BA83CA-39F3-4795-BCDF-B9529B1EA823}
	EndGlobalSection
EndGlobal
